
Microsoft Visual Studio Solution File, Format Version 12.00
# Visual Studio 15
VisualStudioVersion = 15.0.28307.1209
MinimumVisualStudioVersion = 10.0.40219.1
Project("{FAE04EC0-301F-11D3-BF4B-00C04F79EFBC}") = "CoreVanillaJs", "CoreVanillaJs\CoreVanillaJs.csproj", "{6EBA1EDB-C72A-4487-B811-A375B0824E3D}"
EndProject
Global
	GlobalSection(SolutionConfigurationPlatforms) = preSolution
		Debug|Any CPU = Debug|Any CPU
		Release|Any CPU = Release|Any CPU
	EndGlobalSection
	GlobalSection(ProjectConfigurationPlatforms) = postSolution
		{6EBA1EDB-C72A-4487-B811-A375B0824E3D}.Debug|Any CPU.ActiveCfg = Debug|Any CPU
		{6EBA1EDB-C72A-4487-B811-A375B0824E3D}.Debug|Any CPU.Build.0 = Debug|Any CPU
		{6EBA1EDB-C72A-4487-B811-A375B0824E3D}.Release|Any CPU.ActiveCfg = Release|Any CPU
		{6EBA1EDB-C72A-4487-B811-A375B0824E3D}.Release|Any CPU.Build.0 = Release|Any CPU
	EndGlobalSection
	GlobalSection(SolutionProperties) = preSolution
		HideSolutionNode = FALSE
	EndGlobalSection
	GlobalSection(ExtensibilityGlobals) = postSolution
		SolutionGuid = {F647866B-47EF-4374-9592-6D3FDDF81417}
	EndGlobalSection
EndGlobal
